// !$*UTF8*$!
{
	archiveVersion = 1;
	classes = {
	};
	objectVersion = 46;
	objects = {

/* Begin PBXBuildFile section */
		D588B4FD1E69C0A60036D46E /* AppDelegate.swift in Sources */ = {isa = PBXBuildFile; fileRef = D588B4FC1E69C0A60036D46E /* AppDelegate.swift */; };
		D588B5021E69C0A60036D46E /* Main.storyboard in Resources */ = {isa = PBXBuildFile; fileRef = D588B5001E69C0A60036D46E /* Main.storyboard */; };
		D588B5041E69C0A60036D46E /* Assets.xcassets in Resources */ = {isa = PBXBuildFile; fileRef = D588B5031E69C0A60036D46E /* Assets.xcassets */; };
		D588B5071E69C0A60036D46E /* LaunchScreen.storyboard in Resources */ = {isa = PBXBuildFile; fileRef = D588B5051E69C0A60036D46E /* LaunchScreen.storyboard */; };
		D588B5121E69C0A60036D46E /* VUMeterTests.swift in Sources */ = {isa = PBXBuildFile; fileRef = D588B5111E69C0A60036D46E /* VUMeterTests.swift */; };
		D588B51D1E69C0A60036D46E /* VUMeterUITests.swift in Sources */ = {isa = PBXBuildFile; fileRef = D588B51C1E69C0A60036D46E /* VUMeterUITests.swift */; };
		D588B52B1E69C0AD0036D46E /* VUMeter.swift in Sources */ = {isa = PBXBuildFile; fileRef = D588B52A1E69C0AD0036D46E /* VUMeter.swift */; };
		D588B52E1E69C0BE0036D46E /* AVFoundation.framework in Frameworks */ = {isa = PBXBuildFile; fileRef = D588B52D1E69C0BE0036D46E /* AVFoundation.framework */; };
		D588B5301E69C0D60036D46E /* VUMeterViewController.swift in Sources */ = {isa = PBXBuildFile; fileRef = D588B52F1E69C0D60036D46E /* VUMeterViewController.swift */; };
		D588B5341E69DBB90036D46E /* LedStrip.swift in Sources */ = {isa = PBXBuildFile; fileRef = D588B5311E69DBB90036D46E /* LedStrip.swift */; };
		D588B5351E69DBB90036D46E /* UDPClient.swift in Sources */ = {isa = PBXBuildFile; fileRef = D588B5321E69DBB90036D46E /* UDPClient.swift */; };
		D588B5361E69DBB90036D46E /* UIColor+RGB.swift in Sources */ = {isa = PBXBuildFile; fileRef = D588B5331E69DBB90036D46E /* UIColor+RGB.swift */; };
/* End PBXBuildFile section */

/* Begin PBXContainerItemProxy section */
		D588B50E1E69C0A60036D46E /* PBXContainerItemProxy */ = {
			isa = PBXContainerItemProxy;
			containerPortal = D588B4F11E69C0A60036D46E /* Project object */;
			proxyType = 1;
			remoteGlobalIDString = D588B4F81E69C0A60036D46E;
			remoteInfo = VUMeter;
		};
		D588B5191E69C0A60036D46E /* PBXContainerItemProxy */ = {
			isa = PBXContainerItemProxy;
			containerPortal = D588B4F11E69C0A60036D46E /* Project object */;
			proxyType = 1;
			remoteGlobalIDString = D588B4F81E69C0A60036D46E;
			remoteInfo = VUMeter;
		};
/* End PBXContainerItemProxy section */

/* Begin PBXFileReference section */
		D588B4F91E69C0A60036D46E /* VUMeter.app */ = {isa = PBXFileReference; explicitFileType = wrapper.application; includeInIndex = 0; path = VUMeter.app; sourceTree = BUILT_PRODUCTS_DIR; };
		D588B4FC1E69C0A60036D46E /* AppDelegate.swift */ = {isa = PBXFileReference; lastKnownFileType = sourcecode.swift; path = AppDelegate.swift; sourceTree = "<group>"; };
		D588B5011E69C0A60036D46E /* Base */ = {isa = PBXFileReference; lastKnownFileType = file.storyboard; name = Base; path = Base.lproj/Main.storyboard; sourceTree = "<group>"; };
		D588B5031E69C0A60036D46E /* Assets.xcassets */ = {isa = PBXFileReference; lastKnownFileType = folder.assetcatalog; path = Assets.xcassets; sourceTree = "<group>"; };
		D588B5061E69C0A60036D46E /* Base */ = {isa = PBXFileReference; lastKnownFileType = file.storyboard; name = Base; path = Base.lproj/LaunchScreen.storyboard; sourceTree = "<group>"; };
		D588B5081E69C0A60036D46E /* Info.plist */ = {isa = PBXFileReference; lastKnownFileType = text.plist.xml; path = Info.plist; sourceTree = "<group>"; };
		D588B50D1E69C0A60036D46E /* VUMeterTests.xctest */ = {isa = PBXFileReference; explicitFileType = wrapper.cfbundle; includeInIndex = 0; path = VUMeterTests.xctest; sourceTree = BUILT_PRODUCTS_DIR; };
		D588B5111E69C0A60036D46E /* VUMeterTests.swift */ = {isa = PBXFileReference; lastKnownFileType = sourcecode.swift; path = VUMeterTests.swift; sourceTree = "<group>"; };
		D588B5131E69C0A60036D46E /* Info.plist */ = {isa = PBXFileReference; lastKnownFileType = text.plist.xml; path = Info.plist; sourceTree = "<group>"; };
		D588B5181E69C0A60036D46E /* VUMeterUITests.xctest */ = {isa = PBXFileReference; explicitFileType = wrapper.cfbundle; includeInIndex = 0; path = VUMeterUITests.xctest; sourceTree = BUILT_PRODUCTS_DIR; };
		D588B51C1E69C0A60036D46E /* VUMeterUITests.swift */ = {isa = PBXFileReference; lastKnownFileType = sourcecode.swift; path = VUMeterUITests.swift; sourceTree = "<group>"; };
		D588B51E1E69C0A60036D46E /* Info.plist */ = {isa = PBXFileReference; lastKnownFileType = text.plist.xml; path = Info.plist; sourceTree = "<group>"; };
		D588B52A1E69C0AD0036D46E /* VUMeter.swift */ = {isa = PBXFileReference; fileEncoding = 4; lastKnownFileType = sourcecode.swift; path = VUMeter.swift; sourceTree = "<group>"; };
		D588B52D1E69C0BE0036D46E /* AVFoundation.framework */ = {isa = PBXFileReference; lastKnownFileType = wrapper.framework; name = AVFoundation.framework; path = System/Library/Frameworks/AVFoundation.framework; sourceTree = SDKROOT; };
		D588B52F1E69C0D60036D46E /* VUMeterViewController.swift */ = {isa = PBXFileReference; fileEncoding = 4; lastKnownFileType = sourcecode.swift; path = VUMeterViewController.swift; sourceTree = "<group>"; };
		D588B5311E69DBB90036D46E /* LedStrip.swift */ = {isa = PBXFileReference; fileEncoding = 4; lastKnownFileType = sourcecode.swift; path = LedStrip.swift; sourceTree = "<group>"; };
		D588B5321E69DBB90036D46E /* UDPClient.swift */ = {isa = PBXFileReference; fileEncoding = 4; lastKnownFileType = sourcecode.swift; path = UDPClient.swift; sourceTree = "<group>"; };
		D588B5331E69DBB90036D46E /* UIColor+RGB.swift */ = {isa = PBXFileReference; fileEncoding = 4; lastKnownFileType = sourcecode.swift; path = "UIColor+RGB.swift"; sourceTree = "<group>"; };
/* End PBXFileReference section */

/* Begin PBXFrameworksBuildPhase section */
		D588B4F61E69C0A60036D46E /* Frameworks */ = {
			isa = PBXFrameworksBuildPhase;
			buildActionMask = 2147483647;
			files = (
				D588B52E1E69C0BE0036D46E /* AVFoundation.framework in Frameworks */,
			);
			runOnlyForDeploymentPostprocessing = 0;
		};
		D588B50A1E69C0A60036D46E /* Frameworks */ = {
			isa = PBXFrameworksBuildPhase;
			buildActionMask = 2147483647;
			files = (
			);
			runOnlyForDeploymentPostprocessing = 0;
		};
		D588B5151E69C0A60036D46E /* Frameworks */ = {
			isa = PBXFrameworksBuildPhase;
			buildActionMask = 2147483647;
			files = (
			);
			runOnlyForDeploymentPostprocessing = 0;
		};
/* End PBXFrameworksBuildPhase section */

/* Begin PBXGroup section */
		D588B4F01E69C0A60036D46E = {
			isa = PBXGroup;
			children = (
				D588B4FB1E69C0A60036D46E /* VUMeter */,
				D588B5101E69C0A60036D46E /* VUMeterTests */,
				D588B51B1E69C0A60036D46E /* VUMeterUITests */,
				D588B4FA1E69C0A60036D46E /* Products */,
				D588B52C1E69C0BE0036D46E /* Frameworks */,
			);
			sourceTree = "<group>";
		};
		D588B4FA1E69C0A60036D46E /* Products */ = {
			isa = PBXGroup;
			children = (
				D588B4F91E69C0A60036D46E /* VUMeter.app */,
				D588B50D1E69C0A60036D46E /* VUMeterTests.xctest */,
				D588B5181E69C0A60036D46E /* VUMeterUITests.xctest */,
			);
			name = Products;
			sourceTree = "<group>";
		};
		D588B4FB1E69C0A60036D46E /* VUMeter */ = {
			isa = PBXGroup;
			children = (
				D588B4FC1E69C0A60036D46E /* AppDelegate.swift */,
				D588B5001E69C0A60036D46E /* Main.storyboard */,
				D588B5031E69C0A60036D46E /* Assets.xcassets */,
				D588B5051E69C0A60036D46E /* LaunchScreen.storyboard */,
				D588B5081E69C0A60036D46E /* Info.plist */,
				D588B5311E69DBB90036D46E /* LedStrip.swift */,
				D588B5321E69DBB90036D46E /* UDPClient.swift */,
				D588B5331E69DBB90036D46E /* UIColor+RGB.swift */,
				D588B52A1E69C0AD0036D46E /* VUMeter.swift */,
				D588B52F1E69C0D60036D46E /* VUMeterViewController.swift */,
			);
			path = VUMeter;
			sourceTree = "<group>";
		};
		D588B5101E69C0A60036D46E /* VUMeterTests */ = {
			isa = PBXGroup;
			children = (
				D588B5111E69C0A60036D46E /* VUMeterTests.swift */,
				D588B5131E69C0A60036D46E /* Info.plist */,
			);
			path = VUMeterTests;
			sourceTree = "<group>";
		};
		D588B51B1E69C0A60036D46E /* VUMeterUITests */ = {
			isa = PBXGroup;
			children = (
				D588B51C1E69C0A60036D46E /* VUMeterUITests.swift */,
				D588B51E1E69C0A60036D46E /* Info.plist */,
			);
			path = VUMeterUITests;
			sourceTree = "<group>";
		};
		D588B52C1E69C0BE0036D46E /* Frameworks */ = {
			isa = PBXGroup;
			children = (
				D588B52D1E69C0BE0036D46E /* AVFoundation.framework */,
			);
			name = Frameworks;
			sourceTree = "<group>";
		};
/* End PBXGroup section */

/* Begin PBXNativeTarget section */
		D588B4F81E69C0A60036D46E /* VUMeter */ = {
			isa = PBXNativeTarget;
			buildConfigurationList = D588B5211E69C0A60036D46E /* Build configuration list for PBXNativeTarget "VUMeter" */;
			buildPhases = (
				D588B4F51E69C0A60036D46E /* Sources */,
				D588B4F61E69C0A60036D46E /* Frameworks */,
				D588B4F71E69C0A60036D46E /* Resources */,
			);
			buildRules = (
			);
			dependencies = (
			);
			name = VUMeter;
			productName = VUMeter;
			productReference = D588B4F91E69C0A60036D46E /* VUMeter.app */;
			productType = "com.apple.product-type.application";
		};
		D588B50C1E69C0A60036D46E /* VUMeterTests */ = {
			isa = PBXNativeTarget;
			buildConfigurationList = D588B5241E69C0A60036D46E /* Build configuration list for PBXNativeTarget "VUMeterTests" */;
			buildPhases = (
				D588B5091E69C0A60036D46E /* Sources */,
				D588B50A1E69C0A60036D46E /* Frameworks */,
				D588B50B1E69C0A60036D46E /* Resources */,
			);
			buildRules = (
			);
			dependencies = (
				D588B50F1E69C0A60036D46E /* PBXTargetDependency */,
			);
			name = VUMeterTests;
			productName = VUMeterTests;
			productReference = D588B50D1E69C0A60036D46E /* VUMeterTests.xctest */;
			productType = "com.apple.product-type.bundle.unit-test";
		};
		D588B5171E69C0A60036D46E /* VUMeterUITests */ = {
			isa = PBXNativeTarget;
			buildConfigurationList = D588B5271E69C0A60036D46E /* Build configuration list for PBXNativeTarget "VUMeterUITests" */;
			buildPhases = (
				D588B5141E69C0A60036D46E /* Sources */,
				D588B5151E69C0A60036D46E /* Frameworks */,
				D588B5161E69C0A60036D46E /* Resources */,
			);
			buildRules = (
			);
			dependencies = (
				D588B51A1E69C0A60036D46E /* PBXTargetDependency */,
			);
			name = VUMeterUITests;
			productName = VUMeterUITests;
			productReference = D588B5181E69C0A60036D46E /* VUMeterUITests.xctest */;
			productType = "com.apple.product-type.bundle.ui-testing";
		};
/* End PBXNativeTarget section */

/* Begin PBXProject section */
		D588B4F11E69C0A60036D46E /* Project object */ = {
			isa = PBXProject;
			attributes = {
				LastSwiftUpdateCheck = 0820;
				LastUpgradeCheck = 0820;
				ORGANIZATIONNAME = Duckson;
				TargetAttributes = {
					D588B4F81E69C0A60036D46E = {
						CreatedOnToolsVersion = 8.2;
						DevelopmentTeam = 3W68UU92K3;
						ProvisioningStyle = Automatic;
					};
					D588B50C1E69C0A60036D46E = {
						CreatedOnToolsVersion = 8.2;
						DevelopmentTeam = 3W68UU92K3;
						ProvisioningStyle = Automatic;
						TestTargetID = D588B4F81E69C0A60036D46E;
					};
					D588B5171E69C0A60036D46E = {
						CreatedOnToolsVersion = 8.2;
						DevelopmentTeam = 3W68UU92K3;
						ProvisioningStyle = Automatic;
						TestTargetID = D588B4F81E69C0A60036D46E;
					};
				};
			};
			buildConfigurationList = D588B4F41E69C0A60036D46E /* Build configuration list for PBXProject "VUMeter" */;
			compatibilityVersion = "Xcode 3.2";
			developmentRegion = English;
			hasScannedForEncodings = 0;
			knownRegions = (
				en,
				Base,
			);
			mainGroup = D588B4F01E69C0A60036D46E;
			productRefGroup = D588B4FA1E69C0A60036D46E /* Products */;
			projectDirPath = "";
			projectRoot = "";
			targets = (
				D588B4F81E69C0A60036D46E /* VUMeter */,
				D588B50C1E69C0A60036D46E /* VUMeterTests */,
				D588B5171E69C0A60036D46E /* VUMeterUITests */,
			);
		};
/* End PBXProject section */

/* Begin PBXResourcesBuildPhase section */
		D588B4F71E69C0A60036D46E /* Resources */ = {
			isa = PBXResourcesBuildPhase;
			buildActionMask = 2147483647;
			files = (
				D588B5071E69C0A60036D46E /* LaunchScreen.storyboard in Resources */,
				D588B5041E69C0A60036D46E /* Assets.xcassets in Resources */,
				D588B5021E69C0A60036D46E /* Main.storyboard in Resources */,
			);
			runOnlyForDeploymentPostprocessing = 0;
		};
		D588B50B1E69C0A60036D46E /* Resources */ = {
			isa = PBXResourcesBuildPhase;
			buildActionMask = 2147483647;
			files = (
			);
			runOnlyForDeploymentPostprocessing = 0;
		};
		D588B5161E69C0A60036D46E /* Resources */ = {
			isa = PBXResourcesBuildPhase;
			buildActionMask = 2147483647;
			files = (
			);
			runOnlyForDeploymentPostprocessing = 0;
		};
/* End PBXResourcesBuildPhase section */

/* Begin PBXSourcesBuildPhase section */
		D588B4F51E69C0A60036D46E /* Sources */ = {
			isa = PBXSourcesBuildPhase;
			buildActionMask = 2147483647;
			files = (
				D588B5351E69DBB90036D46E /* UDPClient.swift in Sources */,
				D588B5361E69DBB90036D46E /* UIColor+RGB.swift in Sources */,
				D588B5341E69DBB90036D46E /* LedStrip.swift in Sources */,
				D588B5301E69C0D60036D46E /* VUMeterViewController.swift in Sources */,
				D588B52B1E69C0AD0036D46E /* VUMeter.swift in Sources */,
				D588B4FD1E69C0A60036D46E /* AppDelegate.swift in Sources */,
			);
			runOnlyForDeploymentPostprocessing = 0;
		};
		D588B5091E69C0A60036D46E /* Sources */ = {
			isa = PBXSourcesBuildPhase;
			buildActionMask = 2147483647;
			files = (
				D588B5121E69C0A60036D46E /* VUMeterTests.swift in Sources */,
			);
			runOnlyForDeploymentPostprocessing = 0;
		};
		D588B5141E69C0A60036D46E /* Sources */ = {
			isa = PBXSourcesBuildPhase;
			buildActionMask = 2147483647;
			files = (
				D588B51D1E69C0A60036D46E /* VUMeterUITests.swift in Sources */,
			);
			runOnlyForDeploymentPostprocessing = 0;
		};
/* End PBXSourcesBuildPhase section */

/* Begin PBXTargetDependency section */
		D588B50F1E69C0A60036D46E /* PBXTargetDependency */ = {
			isa = PBXTargetDependency;
			target = D588B4F81E69C0A60036D46E /* VUMeter */;
			targetProxy = D588B50E1E69C0A60036D46E /* PBXContainerItemProxy */;
		};
		D588B51A1E69C0A60036D46E /* PBXTargetDependency */ = {
			isa = PBXTargetDependency;
			target = D588B4F81E69C0A60036D46E /* VUMeter */;
			targetProxy = D588B5191E69C0A60036D46E /* PBXContainerItemProxy */;
		};
/* End PBXTargetDependency section */

/* Begin PBXVariantGroup section */
		D588B5001E69C0A60036D46E /* Main.storyboard */ = {
			isa = PBXVariantGroup;
			children = (
				D588B5011E69C0A60036D46E /* Base */,
			);
			name = Main.storyboard;
			sourceTree = "<group>";
		};
		D588B5051E69C0A60036D46E /* LaunchScreen.storyboard */ = {
			isa = PBXVariantGroup;
			children = (
				D588B5061E69C0A60036D46E /* Base */,
			);
			name = LaunchScreen.storyboard;
			sourceTree = "<group>";
		};
/* End PBXVariantGroup section */

/* Begin XCBuildConfiguration section */
		D588B51F1E69C0A60036D46E /* Debug */ = {
			isa = XCBuildConfiguration;
			buildSettings = {
				ALWAYS_SEARCH_USER_PATHS = NO;
				CLANG_ANALYZER_NONNULL = YES;
				CLANG_CXX_LANGUAGE_STANDARD = "gnu++0x";
				CLANG_CXX_LIBRARY = "libc++";
				CLANG_ENABLE_MODULES = YES;
				CLANG_ENABLE_OBJC_ARC = YES;
				CLANG_WARN_BOOL_CONVERSION = YES;
				CLANG_WARN_CONSTANT_CONVERSION = YES;
				CLANG_WARN_DIRECT_OBJC_ISA_USAGE = YES_ERROR;
				CLANG_WARN_DOCUMENTATION_COMMENTS = YES;
				CLANG_WARN_EMPTY_BODY = YES;
				CLANG_WARN_ENUM_CONVERSION = YES;
				CLANG_WARN_INFINITE_RECURSION = YES;
				CLANG_WARN_INT_CONVERSION = YES;
				CLANG_WARN_OBJC_ROOT_CLASS = YES_ERROR;
				CLANG_WARN_SUSPICIOUS_MOVE = YES;
				CLANG_WARN_UNREACHABLE_CODE = YES;
				CLANG_WARN__DUPLICATE_METHOD_MATCH = YES;
				"CODE_SIGN_IDENTITY[sdk=iphoneos*]" = "iPhone Developer";
				COPY_PHASE_STRIP = NO;
				DEBUG_INFORMATION_FORMAT = dwarf;
				ENABLE_STRICT_OBJC_MSGSEND = YES;
				ENABLE_TESTABILITY = YES;
				GCC_C_LANGUAGE_STANDARD = gnu99;
				GCC_DYNAMIC_NO_PIC = NO;
				GCC_NO_COMMON_BLOCKS = YES;
				GCC_OPTIMIZATION_LEVEL = 0;
				GCC_PREPROCESSOR_DEFINITIONS = (
					"DEBUG=1",
					"$(inherited)",
				);
				GCC_WARN_64_TO_32_BIT_CONVERSION = YES;
				GCC_WARN_ABOUT_RETURN_TYPE = YES_ERROR;
				GCC_WARN_UNDECLARED_SELECTOR = YES;
				GCC_WARN_UNINITIALIZED_AUTOS = YES_AGGRESSIVE;
				GCC_WARN_UNUSED_FUNCTION = YES;
				GCC_WARN_UNUSED_VARIABLE = YES;
				IPHONEOS_DEPLOYMENT_TARGET = 10.2;
				MTL_ENABLE_DEBUG_INFO = YES;
				ONLY_ACTIVE_ARCH = YES;
				SDKROOT = iphoneos;
				SWIFT_ACTIVE_COMPILATION_CONDITIONS = DEBUG;
				SWIFT_OPTIMIZATION_LEVEL = "-Onone";
				TARGETED_DEVICE_FAMILY = "1,2";
			};
			name = Debug;
		};
		D588B5201E69C0A60036D46E /* Release */ = {
			isa = XCBuildConfiguration;
			buildSettings = {
				ALWAYS_SEARCH_USER_PATHS = NO;
				CLANG_ANALYZER_NONNULL = YES;
				CLANG_CXX_LANGUAGE_STANDARD = "gnu++0x";
				CLANG_CXX_LIBRARY = "libc++";
				CLANG_ENABLE_MODULES = YES;
				CLANG_ENABLE_OBJC_ARC = YES;
				CLANG_WARN_BOOL_CONVERSION = YES;
				CLANG_WARN_CONSTANT_CONVERSION = YES;
				CLANG_WARN_DIRECT_OBJC_ISA_USAGE = YES_ERROR;
				CLANG_WARN_DOCUMENTATION_COMMENTS = YES;
				CLANG_WARN_EMPTY_BODY = YES;
				CLANG_WARN_ENUM_CONVERSION = YES;
				CLANG_WARN_INFINITE_RECURSION = YES;
				CLANG_WARN_INT_CONVERSION = YES;
				CLANG_WARN_OBJC_ROOT_CLASS = YES_ERROR;
				CLANG_WARN_SUSPICIOUS_MOVE = YES;
				CLANG_WARN_UNREACHABLE_CODE = YES;
				CLANG_WARN__DUPLICATE_METHOD_MATCH = YES;
				"CODE_SIGN_IDENTITY[sdk=iphoneos*]" = "iPhone Developer";
				COPY_PHASE_STRIP = NO;
				DEBUG_INFORMATION_FORMAT = "dwarf-with-dsym";
				ENABLE_NS_ASSERTIONS = NO;
				ENABLE_STRICT_OBJC_MSGSEND = YES;
				GCC_C_LANGUAGE_STANDARD = gnu99;
				GCC_NO_COMMON_BLOCKS = YES;
				GCC_WARN_64_TO_32_BIT_CONVERSION = YES;
				GCC_WARN_ABOUT_RETURN_TYPE = YES_ERROR;
				GCC_WARN_UNDECLARED_SELECTOR = YES;
				GCC_WARN_UNINITIALIZED_AUTOS = YES_AGGRESSIVE;
				GCC_WARN_UNUSED_FUNCTION = YES;
				GCC_WARN_UNUSED_VARIABLE = YES;
				IPHONEOS_DEPLOYMENT_TARGET = 10.2;
				MTL_ENABLE_DEBUG_INFO = NO;
				SDKROOT = iphoneos;
				SWIFT_OPTIMIZATION_LEVEL = "-Owholemodule";
				TARGETED_DEVICE_FAMILY = "1,2";
				VALIDATE_PRODUCT = YES;
			};
			name = Release;
		};
		D588B5221E69C0A60036D46E /* Debug */ = {
			isa = XCBuildConfiguration;
			buildSettings = {
				ASSETCATALOG_COMPILER_APPICON_NAME = AppIcon;
				DEVELOPMENT_TEAM = 3W68UU92K3;
				INFOPLIST_FILE = VUMeter/Info.plist;
				LD_RUNPATH_SEARCH_PATHS = "$(inherited) @executable_path/Frameworks";
				PRODUCT_BUNDLE_IDENTIFIER = nl.duckson.dev.VUMeter;
				PRODUCT_NAME = "$(TARGET_NAME)";
				SWIFT_VERSION = 3.0;
			};
			name = Debug;
		};
		D588B5231E69C0A60036D46E /* Release */ = {
			isa = XCBuildConfiguration;
			buildSettings = {
				ASSETCATALOG_COMPILER_APPICON_NAME = AppIcon;
				DEVELOPMENT_TEAM = 3W68UU92K3;
				INFOPLIST_FILE = VUMeter/Info.plist;
				LD_RUNPATH_SEARCH_PATHS = "$(inherited) @executable_path/Frameworks";
				PRODUCT_BUNDLE_IDENTIFIER = nl.duckson.dev.VUMeter;
				PRODUCT_NAME = "$(TARGET_NAME)";
				SWIFT_VERSION = 3.0;
			};
			name = Release;
		};
		D588B5251E69C0A60036D46E /* Debug */ = {
			isa = XCBuildConfiguration;
			buildSettings = {
				ALWAYS_EMBED_SWIFT_STANDARD_LIBRARIES = YES;
				BUNDLE_LOADER = "$(TEST_HOST)";
				DEVELOPMENT_TEAM = 3W68UU92K3;
				INFOPLIST_FILE = VUMeterTests/Info.plist;
				LD_RUNPATH_SEARCH_PATHS = "$(inherited) @executable_path/Frameworks @loader_path/Frameworks";
				PRODUCT_BUNDLE_IDENTIFIER = nl.duckson.dev.VUMeterTests;
				PRODUCT_NAME = "$(TARGET_NAME)";
				SWIFT_VERSION = 3.0;
				TEST_HOST = "$(BUILT_PRODUCTS_DIR)/VUMeter.app/VUMeter";
			};
			name = Debug;
		};
		D588B5261E69C0A60036D46E /* Release */ = {
			isa = XCBuildConfiguration;
			buildSettings = {
				ALWAYS_EMBED_SWIFT_STANDARD_LIBRARIES = YES;
				BUNDLE_LOADER = "$(TEST_HOST)";
				DEVELOPMENT_TEAM = 3W68UU92K3;
				INFOPLIST_FILE = VUMeterTests/Info.plist;
				LD_RUNPATH_SEARCH_PATHS = "$(inherited) @executable_path/Frameworks @loader_path/Frameworks";
				PRODUCT_BUNDLE_IDENTIFIER = nl.duckson.dev.VUMeterTests;
				PRODUCT_NAME = "$(TARGET_NAME)";
				SWIFT_VERSION = 3.0;
				TEST_HOST = "$(BUILT_PRODUCTS_DIR)/VUMeter.app/VUMeter";
			};
			name = Release;
		};
		D588B5281E69C0A60036D46E /* Debug */ = {
			isa = XCBuildConfiguration;
			buildSettings = {
				ALWAYS_EMBED_SWIFT_STANDARD_LIBRARIES = YES;
				DEVELOPMENT_TEAM = 3W68UU92K3;
				INFOPLIST_FILE = VUMeterUITests/Info.plist;
				LD_RUNPATH_SEARCH_PATHS = "$(inherited) @executable_path/Frameworks @loader_path/Frameworks";
				PRODUCT_BUNDLE_IDENTIFIER = nl.duckson.dev.VUMeterUITests;
				PRODUCT_NAME = "$(TARGET_NAME)";
				SWIFT_VERSION = 3.0;
				TEST_TARGET_NAME = VUMeter;
			};
			name = Debug;
		};
		D588B5291E69C0A60036D46E /* Release */ = {
			isa = XCBuildConfiguration;
			buildSettings = {
				ALWAYS_EMBED_SWIFT_STANDARD_LIBRARIES = YES;
				DEVELOPMENT_TEAM = 3W68UU92K3;
				INFOPLIST_FILE = VUMeterUITests/Info.plist;
				LD_RUNPATH_SEARCH_PATHS = "$(inherited) @executable_path/Frameworks @loader_path/Frameworks";
				PRODUCT_BUNDLE_IDENTIFIER = nl.duckson.dev.VUMeterUITests;
				PRODUCT_NAME = "$(TARGET_NAME)";
				SWIFT_VERSION = 3.0;
				TEST_TARGET_NAME = VUMeter;
			};
			name = Release;
		};
/* End XCBuildConfiguration section */

/* Begin XCConfigurationList section */
		D588B4F41E69C0A60036D46E /* Build configuration list for PBXProject "VUMeter" */ = {
			isa = XCConfigurationList;
			buildConfigurations = (
				D588B51F1E69C0A60036D46E /* Debug */,
				D588B5201E69C0A60036D46E /* Release */,
			);
			defaultConfigurationIsVisible = 0;
			defaultConfigurationName = Release;
		};
		D588B5211E69C0A60036D46E /* Build configuration list for PBXNativeTarget "VUMeter" */ = {
			isa = XCConfigurationList;
			buildConfigurations = (
				D588B5221E69C0A60036D46E /* Debug */,
				D588B5231E69C0A60036D46E /* Release */,
			);
			defaultConfigurationIsVisible = 0;
		};
		D588B5241E69C0A60036D46E /* Build configuration list for PBXNativeTarget "VUMeterTests" */ = {
			isa = XCConfigurationList;
			buildConfigurations = (
				D588B5251E69C0A60036D46E /* Debug */,
				D588B5261E69C0A60036D46E /* Release */,
			);
			defaultConfigurationIsVisible = 0;
		};
		D588B5271E69C0A60036D46E /* Build configuration list for PBXNativeTarget "VUMeterUITests" */ = {
			isa = XCConfigurationList;
			buildConfigurations = (
				D588B5281E69C0A60036D46E /* Debug */,
				D588B5291E69C0A60036D46E /* Release */,
			);
			defaultConfigurationIsVisible = 0;
		};
/* End XCConfigurationList section */
	};
	rootObject = D588B4F11E69C0A60036D46E /* Project object */;
}
